
Microsoft Visual Studio Solution File, Format Version 12.00
# Visual Studio Version 17
VisualStudioVersion = 17.10.35027.167
MinimumVisualStudioVersion = 10.0.40219.1
Project("{9A19103F-16F7-4668-BE54-9A1E7A4F7556}") = "CSM_Web", "CSM_Web\CSM_Web.csproj", "{B150DE93-37A6-466D-82DD-7E4DD001D467}"
EndProject
Project("{9A19103F-16F7-4668-BE54-9A1E7A4F7556}") = "CSM_Data_Access", "CSM_Data_Access\CSM_Data_Access.csproj", "{5695DCC1-795A-4F7A-AB07-ABA1FCF93138}"
EndProject
Project("{2150E333-8FDC-42A3-9474-1A3956D46DE8}") = "Solution Items", "Solution Items", "{8FE3CCAC-456B-488A-8D3E-0C77AE6CA528}"
	ProjectSection(SolutionItems) = preProject
		.editorconfig = .editorconfig
	EndProjectSection
EndProject
Project("{9A19103F-16F7-4668-BE54-9A1E7A4F7556}") = "CSM_Web_Common", "CSM_Web_Common\CSM_Web_Common.csproj", "{879C566B-9106-4CCA-860A-BB931CCC7FCB}"
EndProject
Global
	GlobalSection(SolutionConfigurationPlatforms) = preSolution
		Debug|Any CPU = Debug|Any CPU
		Release|Any CPU = Release|Any CPU
	EndGlobalSection
	GlobalSection(ProjectConfigurationPlatforms) = postSolution
		{B150DE93-37A6-466D-82DD-7E4DD001D467}.Debug|Any CPU.ActiveCfg = Debug|Any CPU
		{B150DE93-37A6-466D-82DD-7E4DD001D467}.Debug|Any CPU.Build.0 = Debug|Any CPU
		{B150DE93-37A6-466D-82DD-7E4DD001D467}.Release|Any CPU.ActiveCfg = Release|Any CPU
		{B150DE93-37A6-466D-82DD-7E4DD001D467}.Release|Any CPU.Build.0 = Release|Any CPU
		{5695DCC1-795A-4F7A-AB07-ABA1FCF93138}.Debug|Any CPU.ActiveCfg = Debug|Any CPU
		{5695DCC1-795A-4F7A-AB07-ABA1FCF93138}.Debug|Any CPU.Build.0 = Debug|Any CPU
		{5695DCC1-795A-4F7A-AB07-ABA1FCF93138}.Release|Any CPU.ActiveCfg = Release|Any CPU
		{5695DCC1-795A-4F7A-AB07-ABA1FCF93138}.Release|Any CPU.Build.0 = Release|Any CPU
		{879C566B-9106-4CCA-860A-BB931CCC7FCB}.Debug|Any CPU.ActiveCfg = Debug|Any CPU
		{879C566B-9106-4CCA-860A-BB931CCC7FCB}.Debug|Any CPU.Build.0 = Debug|Any CPU
		{879C566B-9106-4CCA-860A-BB931CCC7FCB}.Release|Any CPU.ActiveCfg = Release|Any CPU
		{879C566B-9106-4CCA-860A-BB931CCC7FCB}.Release|Any CPU.Build.0 = Release|Any CPU
	EndGlobalSection
	GlobalSection(SolutionProperties) = preSolution
		HideSolutionNode = FALSE
	EndGlobalSection
	GlobalSection(ExtensibilityGlobals) = postSolution
		SolutionGuid = {27E706DA-93B9-4962-AEEE-E4A910DC75D6}
	EndGlobalSection
EndGlobal
