
Microsoft Visual Studio Solution File, Format Version 12.00
# Visual Studio Version 17
VisualStudioVersion = 17.10.35004.147
MinimumVisualStudioVersion = 10.0.40219.1
Project("{FAE04EC0-301F-11D3-BF4B-00C04F79EFBC}") = "CSM_Web", "CSM_Web\CSM_Web.csproj", "{F2D1B794-BD1E-43C1-BE5F-D4B032D0EE80}"
EndProject
Project("{FAE04EC0-301F-11D3-BF4B-00C04F79EFBC}") = "CSM_Data_Access", "CSM_Data_Access\CSM_Data_Access.csproj", "{FBD4DEAE-8345-433C-9384-8C5FEECFBFC6}"
EndProject
Project("{2150E333-8FDC-42A3-9474-1A3956D46DE8}") = "Solution Items", "Solution Items", "{3CF73C29-8A98-40B1-BF84-8C4D50D82EA5}"
	ProjectSection(SolutionItems) = preProject
		.editorconfig = .editorconfig
	EndProjectSection
EndProject
Project("{FAE04EC0-301F-11D3-BF4B-00C04F79EFBC}") = "CSM_Web_Sys", "CSM_Web_Sys\CSM_Web_Sys.csproj", "{DBF11128-7995-440F-9DEB-9E014BA9CD4D}"
EndProject
Project("{FAE04EC0-301F-11D3-BF4B-00C04F79EFBC}") = "CSM_App_Android", "CSM_App_Android\CSM_App_Android.csproj", "{BB9E498C-F5A8-42CE-97CD-0E251CF51854}"
EndProject
Global
	GlobalSection(SolutionConfigurationPlatforms) = preSolution
		Debug|Any CPU = Debug|Any CPU
		EasyTest|Any CPU = EasyTest|Any CPU
		Release|Any CPU = Release|Any CPU
	EndGlobalSection
	GlobalSection(ProjectConfigurationPlatforms) = postSolution
		{F2D1B794-BD1E-43C1-BE5F-D4B032D0EE80}.Debug|Any CPU.ActiveCfg = Debug|Any CPU
		{F2D1B794-BD1E-43C1-BE5F-D4B032D0EE80}.Debug|Any CPU.Build.0 = Debug|Any CPU
		{F2D1B794-BD1E-43C1-BE5F-D4B032D0EE80}.EasyTest|Any CPU.ActiveCfg = Debug|Any CPU
		{F2D1B794-BD1E-43C1-BE5F-D4B032D0EE80}.EasyTest|Any CPU.Build.0 = Debug|Any CPU
		{F2D1B794-BD1E-43C1-BE5F-D4B032D0EE80}.Release|Any CPU.ActiveCfg = Release|Any CPU
		{F2D1B794-BD1E-43C1-BE5F-D4B032D0EE80}.Release|Any CPU.Build.0 = Release|Any CPU
		{FBD4DEAE-8345-433C-9384-8C5FEECFBFC6}.Debug|Any CPU.ActiveCfg = Debug|Any CPU
		{FBD4DEAE-8345-433C-9384-8C5FEECFBFC6}.Debug|Any CPU.Build.0 = Debug|Any CPU
		{FBD4DEAE-8345-433C-9384-8C5FEECFBFC6}.EasyTest|Any CPU.ActiveCfg = Debug|Any CPU
		{FBD4DEAE-8345-433C-9384-8C5FEECFBFC6}.EasyTest|Any CPU.Build.0 = Debug|Any CPU
		{FBD4DEAE-8345-433C-9384-8C5FEECFBFC6}.Release|Any CPU.ActiveCfg = Release|Any CPU
		{FBD4DEAE-8345-433C-9384-8C5FEECFBFC6}.Release|Any CPU.Build.0 = Release|Any CPU
		{DBF11128-7995-440F-9DEB-9E014BA9CD4D}.Debug|Any CPU.ActiveCfg = Debug|Any CPU
		{DBF11128-7995-440F-9DEB-9E014BA9CD4D}.Debug|Any CPU.Build.0 = Debug|Any CPU
		{DBF11128-7995-440F-9DEB-9E014BA9CD4D}.EasyTest|Any CPU.ActiveCfg = Debug|Any CPU
		{DBF11128-7995-440F-9DEB-9E014BA9CD4D}.EasyTest|Any CPU.Build.0 = Debug|Any CPU
		{DBF11128-7995-440F-9DEB-9E014BA9CD4D}.Release|Any CPU.ActiveCfg = Release|Any CPU
		{DBF11128-7995-440F-9DEB-9E014BA9CD4D}.Release|Any CPU.Build.0 = Release|Any CPU
		{BB9E498C-F5A8-42CE-97CD-0E251CF51854}.Debug|Any CPU.ActiveCfg = Debug|Any CPU
		{BB9E498C-F5A8-42CE-97CD-0E251CF51854}.Debug|Any CPU.Build.0 = Debug|Any CPU
		{BB9E498C-F5A8-42CE-97CD-0E251CF51854}.Debug|Any CPU.Deploy.0 = Debug|Any CPU
		{BB9E498C-F5A8-42CE-97CD-0E251CF51854}.EasyTest|Any CPU.ActiveCfg = Debug|Any CPU
		{BB9E498C-F5A8-42CE-97CD-0E251CF51854}.EasyTest|Any CPU.Build.0 = Debug|Any CPU
		{BB9E498C-F5A8-42CE-97CD-0E251CF51854}.EasyTest|Any CPU.Deploy.0 = Debug|Any CPU
		{BB9E498C-F5A8-42CE-97CD-0E251CF51854}.Release|Any CPU.ActiveCfg = Release|Any CPU
		{BB9E498C-F5A8-42CE-97CD-0E251CF51854}.Release|Any CPU.Build.0 = Release|Any CPU
		{BB9E498C-F5A8-42CE-97CD-0E251CF51854}.Release|Any CPU.Deploy.0 = Release|Any CPU
	EndGlobalSection
	GlobalSection(SolutionProperties) = preSolution
		HideSolutionNode = FALSE
	EndGlobalSection
	GlobalSection(ExtensibilityGlobals) = postSolution
		SolutionGuid = {1E0CE799-F3AB-4EB6-A934-CE217EE9500F}
	EndGlobalSection
EndGlobal
