
Microsoft Visual Studio Solution File, Format Version 12.00
# Visual Studio Version 17
VisualStudioVersion = 17.10.35004.147
MinimumVisualStudioVersion = 10.0.40219.1
Project("{FAE04EC0-301F-11D3-BF4B-00C04F79EFBC}") = "CSM_Web", "CSM_Web\CSM_Web.csproj", "{DC0EA087-160A-4572-828A-D6977151AFAE}"
EndProject
Project("{2150E333-8FDC-42A3-9474-1A3956D46DE8}") = "DevExtreme NuGet.config", "DevExtreme NuGet.config", "{D71C99B2-917F-48A5-837B-C8AD7C6BF267}"
	ProjectSection(SolutionItems) = preProject
		NuGet.config = NuGet.config
	EndProjectSection
EndProject
Global
	GlobalSection(SolutionConfigurationPlatforms) = preSolution
		Debug|Any CPU = Debug|Any CPU
		Release|Any CPU = Release|Any CPU
	EndGlobalSection
	GlobalSection(ProjectConfigurationPlatforms) = postSolution
		{DC0EA087-160A-4572-828A-D6977151AFAE}.Debug|Any CPU.ActiveCfg = Debug|Any CPU
		{DC0EA087-160A-4572-828A-D6977151AFAE}.Debug|Any CPU.Build.0 = Debug|Any CPU
		{DC0EA087-160A-4572-828A-D6977151AFAE}.Release|Any CPU.ActiveCfg = Release|Any CPU
		{DC0EA087-160A-4572-828A-D6977151AFAE}.Release|Any CPU.Build.0 = Release|Any CPU
	EndGlobalSection
	GlobalSection(SolutionProperties) = preSolution
		HideSolutionNode = FALSE
	EndGlobalSection
	GlobalSection(ExtensibilityGlobals) = postSolution
		SolutionGuid = {C82095B9-8E6A-4A8E-BE72-602058E59BEE}
	EndGlobalSection
EndGlobal
